
Microsoft Visual Studio Solution File, Format Version 12.00
# Visual Studio Version 16
VisualStudioVersion = 16.0.30114.105
MinimumVisualStudioVersion = 10.0.40219.1
Project("{2150E333-8FDC-42A3-9474-1A3956D46DE8}") = "IdentityServer", "IdentityServer", "{F788E760-F775-46C0-8E05-B7C8639BF41D}"
EndProject
Project("{9A19103F-16F7-4668-BE54-9A1E7A4F7556}") = "IdentityServer.Mvc", "IdentityServer\IdentityServer.Mvc\IdentityServer.Mvc.csproj", "{ED436B70-383D-4890-95B1-B30F8C4EF303}"
EndProject
Project("{9A19103F-16F7-4668-BE54-9A1E7A4F7556}") = "IdentityServer.Data", "IdentityServer\IdentityServer.Data\IdentityServer.Data.csproj", "{1C1E0E51-8A57-4332-9007-D0F550660553}"
EndProject
Project("{2150E333-8FDC-42A3-9474-1A3956D46DE8}") = "Services", "Services", "{280F3FD1-6BFC-4DBD-854D-1B148E7E60EC}"
EndProject
Project("{9A19103F-16F7-4668-BE54-9A1E7A4F7556}") = "Services.WebApi", "Services\Services.WebApi\Services.WebApi.csproj", "{81483FBB-D992-4AF7-BDD1-A5829A376482}"
EndProject
Project("{FAE04EC0-301F-11D3-BF4B-00C04F79EFBC}") = "Services.WebMvc", "Services\Services.WebMvc\Services.WebMvc.csproj", "{7FC7BF2C-2B70-4DE9-BF13-836D70065EE3}"
EndProject
Global
	GlobalSection(SolutionConfigurationPlatforms) = preSolution
		Debug|Any CPU = Debug|Any CPU
		Release|Any CPU = Release|Any CPU
	EndGlobalSection
	GlobalSection(ProjectConfigurationPlatforms) = postSolution
		{ED436B70-383D-4890-95B1-B30F8C4EF303}.Debug|Any CPU.ActiveCfg = Debug|Any CPU
		{ED436B70-383D-4890-95B1-B30F8C4EF303}.Debug|Any CPU.Build.0 = Debug|Any CPU
		{ED436B70-383D-4890-95B1-B30F8C4EF303}.Release|Any CPU.ActiveCfg = Release|Any CPU
		{ED436B70-383D-4890-95B1-B30F8C4EF303}.Release|Any CPU.Build.0 = Release|Any CPU
		{1C1E0E51-8A57-4332-9007-D0F550660553}.Debug|Any CPU.ActiveCfg = Debug|Any CPU
		{1C1E0E51-8A57-4332-9007-D0F550660553}.Debug|Any CPU.Build.0 = Debug|Any CPU
		{1C1E0E51-8A57-4332-9007-D0F550660553}.Release|Any CPU.ActiveCfg = Release|Any CPU
		{1C1E0E51-8A57-4332-9007-D0F550660553}.Release|Any CPU.Build.0 = Release|Any CPU
		{81483FBB-D992-4AF7-BDD1-A5829A376482}.Debug|Any CPU.ActiveCfg = Debug|Any CPU
		{81483FBB-D992-4AF7-BDD1-A5829A376482}.Debug|Any CPU.Build.0 = Debug|Any CPU
		{81483FBB-D992-4AF7-BDD1-A5829A376482}.Release|Any CPU.ActiveCfg = Release|Any CPU
		{81483FBB-D992-4AF7-BDD1-A5829A376482}.Release|Any CPU.Build.0 = Release|Any CPU
		{7FC7BF2C-2B70-4DE9-BF13-836D70065EE3}.Debug|Any CPU.ActiveCfg = Debug|Any CPU
		{7FC7BF2C-2B70-4DE9-BF13-836D70065EE3}.Debug|Any CPU.Build.0 = Debug|Any CPU
		{7FC7BF2C-2B70-4DE9-BF13-836D70065EE3}.Release|Any CPU.ActiveCfg = Release|Any CPU
		{7FC7BF2C-2B70-4DE9-BF13-836D70065EE3}.Release|Any CPU.Build.0 = Release|Any CPU
	EndGlobalSection
	GlobalSection(SolutionProperties) = preSolution
		HideSolutionNode = FALSE
	EndGlobalSection
	GlobalSection(NestedProjects) = preSolution
		{ED436B70-383D-4890-95B1-B30F8C4EF303} = {F788E760-F775-46C0-8E05-B7C8639BF41D}
		{1C1E0E51-8A57-4332-9007-D0F550660553} = {F788E760-F775-46C0-8E05-B7C8639BF41D}
		{81483FBB-D992-4AF7-BDD1-A5829A376482} = {280F3FD1-6BFC-4DBD-854D-1B148E7E60EC}
		{7FC7BF2C-2B70-4DE9-BF13-836D70065EE3} = {280F3FD1-6BFC-4DBD-854D-1B148E7E60EC}
	EndGlobalSection
	GlobalSection(ExtensibilityGlobals) = postSolution
		SolutionGuid = {FCFE6B6C-E98E-4BD7-A98B-C2C10FB3BF49}
	EndGlobalSection
EndGlobal
